
Microsoft Visual Studio Solution File, Format Version 12.00
# Visual Studio 14
VisualStudioVersion = 14.0.25420.1
MinimumVisualStudioVersion = 10.0.40219.1
Project("{FAE04EC0-301F-11D3-BF4B-00C04F79EFBC}") = "ErrorNotifier", "Solid\ErrorNotifier\ErrorNotifier.csproj", "{F87D09CE-7B16-4D89-A7A0-27E8BDDDED7C}"
EndProject
Project("{FAE04EC0-301F-11D3-BF4B-00C04F79EFBC}") = "ErrorNotifier.Console", "Solid\ErrorNotifier.Console\ErrorNotifier.Console.csproj", "{A4D2ADFB-16DB-4DFD-83F4-8DC6529F94E4}"
EndProject
Global
	GlobalSection(SolutionConfigurationPlatforms) = preSolution
		Debug|Any CPU = Debug|Any CPU
		Release|Any CPU = Release|Any CPU
	EndGlobalSection
	GlobalSection(ProjectConfigurationPlatforms) = postSolution
		{F87D09CE-7B16-4D89-A7A0-27E8BDDDED7C}.Debug|Any CPU.ActiveCfg = Debug|Any CPU
		{F87D09CE-7B16-4D89-A7A0-27E8BDDDED7C}.Debug|Any CPU.Build.0 = Debug|Any CPU
		{F87D09CE-7B16-4D89-A7A0-27E8BDDDED7C}.Release|Any CPU.ActiveCfg = Release|Any CPU
		{F87D09CE-7B16-4D89-A7A0-27E8BDDDED7C}.Release|Any CPU.Build.0 = Release|Any CPU
		{A4D2ADFB-16DB-4DFD-83F4-8DC6529F94E4}.Debug|Any CPU.ActiveCfg = Debug|Any CPU
		{A4D2ADFB-16DB-4DFD-83F4-8DC6529F94E4}.Debug|Any CPU.Build.0 = Debug|Any CPU
		{A4D2ADFB-16DB-4DFD-83F4-8DC6529F94E4}.Release|Any CPU.ActiveCfg = Release|Any CPU
		{A4D2ADFB-16DB-4DFD-83F4-8DC6529F94E4}.Release|Any CPU.Build.0 = Release|Any CPU
	EndGlobalSection
	GlobalSection(SolutionProperties) = preSolution
		HideSolutionNode = FALSE
	EndGlobalSection
EndGlobal
